
Microsoft Visual Studio Solution File, Format Version 12.00
# Visual Studio Version 17
VisualStudioVersion = 17.14.36121.58 d17.14
MinimumVisualStudioVersion = 10.0.40219.1
Project("{FAE04EC0-301F-11D3-BF4B-00C04F79EFBC}") = "QLKHO.BLL", "QLKHO.BLL\QLKHO.BLL.csproj", "{830E24B2-6677-4A64-99C4-3E9B7F45029D}"
EndProject
Project("{FAE04EC0-301F-11D3-BF4B-00C04F79EFBC}") = "QLKHO.DAL", "QLKHO.DAL\QLKHO.DAL.csproj", "{749765B1-86EE-48F8-99C2-070FF1649E61}"
EndProject
Project("{FAE04EC0-301F-11D3-BF4B-00C04F79EFBC}") = "QLKHO.GUI", "QLKHO.GUI\QLKHO.GUI.csproj", "{0C754C91-F7CC-466A-B581-05E46949F449}"
EndProject
Global
	GlobalSection(SolutionConfigurationPlatforms) = preSolution
		Debug|Any CPU = Debug|Any CPU
		Release|Any CPU = Release|Any CPU
	EndGlobalSection
	GlobalSection(ProjectConfigurationPlatforms) = postSolution
		{830E24B2-6677-4A64-99C4-3E9B7F45029D}.Debug|Any CPU.ActiveCfg = Debug|Any CPU
		{830E24B2-6677-4A64-99C4-3E9B7F45029D}.Debug|Any CPU.Build.0 = Debug|Any CPU
		{830E24B2-6677-4A64-99C4-3E9B7F45029D}.Release|Any CPU.ActiveCfg = Release|Any CPU
		{830E24B2-6677-4A64-99C4-3E9B7F45029D}.Release|Any CPU.Build.0 = Release|Any CPU
		{749765B1-86EE-48F8-99C2-070FF1649E61}.Debug|Any CPU.ActiveCfg = Debug|Any CPU
		{749765B1-86EE-48F8-99C2-070FF1649E61}.Debug|Any CPU.Build.0 = Debug|Any CPU
		{749765B1-86EE-48F8-99C2-070FF1649E61}.Release|Any CPU.ActiveCfg = Release|Any CPU
		{749765B1-86EE-48F8-99C2-070FF1649E61}.Release|Any CPU.Build.0 = Release|Any CPU
		{0C754C91-F7CC-466A-B581-05E46949F449}.Debug|Any CPU.ActiveCfg = Debug|Any CPU
		{0C754C91-F7CC-466A-B581-05E46949F449}.Debug|Any CPU.Build.0 = Debug|Any CPU
		{0C754C91-F7CC-466A-B581-05E46949F449}.Release|Any CPU.ActiveCfg = Release|Any CPU
		{0C754C91-F7CC-466A-B581-05E46949F449}.Release|Any CPU.Build.0 = Release|Any CPU
	EndGlobalSection
	GlobalSection(SolutionProperties) = preSolution
		HideSolutionNode = FALSE
	EndGlobalSection
	GlobalSection(ExtensibilityGlobals) = postSolution
		SolutionGuid = {02C07380-7060-47D5-91A3-4178964527F0}
	EndGlobalSection
EndGlobal
